// !$*UTF8*$!
{
	archiveVersion = 1;
	classes = {
	};
	objectVersion = 56;
	objects = {

/* Begin PBXBuildFile section */
		35F056C02937BCF500DC2348 /* packetWrapperApp.swift in Sources */ = {isa = PBXBuildFile; fileRef = 35F056BF2937BCF500DC2348 /* packetWrapperApp.swift */; };
		35F056C22937BCF500DC2348 /* ContentView.swift in Sources */ = {isa = PBXBuildFile; fileRef = 35F056C12937BCF500DC2348 /* ContentView.swift */; };
		35F056C42937BCF800DC2348 /* Assets.xcassets in Resources */ = {isa = PBXBuildFile; fileRef = 35F056C32937BCF800DC2348 /* Assets.xcassets */; };
		35F056C72937BCF800DC2348 /* Preview Assets.xcassets in Resources */ = {isa = PBXBuildFile; fileRef = 35F056C62937BCF800DC2348 /* Preview Assets.xcassets */; };
		35F056E22937BD5D00DC2348 /* IntraPackHeader.cpp in Sources */ = {isa = PBXBuildFile; fileRef = 35F056D12937BD5C00DC2348 /* IntraPackHeader.cpp */; };
		35F056E32937BD5D00DC2348 /* Packet_factory_wrapper.mm in Sources */ = {isa = PBXBuildFile; fileRef = 35F056D22937BD5C00DC2348 /* Packet_factory_wrapper.mm */; };
		35F056E42937BD5D00DC2348 /* Packet_factory.cpp in Sources */ = {isa = PBXBuildFile; fileRef = 35F056D52937BD5C00DC2348 /* Packet_factory.cpp */; };
		35F056E52937BD5D00DC2348 /* ChanSpecData.cpp in Sources */ = {isa = PBXBuildFile; fileRef = 35F056D62937BD5C00DC2348 /* ChanSpecData.cpp */; };
		35F056E62937BD5D00DC2348 /* Words.cpp in Sources */ = {isa = PBXBuildFile; fileRef = 35F056D82937BD5C00DC2348 /* Words.cpp */; };
		35F056E82937BD5D00DC2348 /* Packet.cpp in Sources */ = {isa = PBXBuildFile; fileRef = 35F056DA2937BD5D00DC2348 /* Packet.cpp */; };
		35F056E92937BD5D00DC2348 /* PacketWrapper.mm in Sources */ = {isa = PBXBuildFile; fileRef = 35F056DC2937BD5D00DC2348 /* PacketWrapper.mm */; };
		35F056EB2937BD5D00DC2348 /* Messages.cpp in Sources */ = {isa = PBXBuildFile; fileRef = 35F056E12937BD5D00DC2348 /* Messages.cpp */; };
/* End PBXBuildFile section */

/* Begin PBXFileReference section */
		35F056BC2937BCF500DC2348 /* packetWrapper.app */ = {isa = PBXFileReference; explicitFileType = wrapper.application; includeInIndex = 0; path = packetWrapper.app; sourceTree = BUILT_PRODUCTS_DIR; };
		35F056BF2937BCF500DC2348 /* packetWrapperApp.swift */ = {isa = PBXFileReference; lastKnownFileType = sourcecode.swift; path = packetWrapperApp.swift; sourceTree = "<group>"; };
		35F056C12937BCF500DC2348 /* ContentView.swift */ = {isa = PBXFileReference; lastKnownFileType = sourcecode.swift; path = ContentView.swift; sourceTree = "<group>"; };
		35F056C32937BCF800DC2348 /* Assets.xcassets */ = {isa = PBXFileReference; lastKnownFileType = folder.assetcatalog; path = Assets.xcassets; sourceTree = "<group>"; };
		35F056C62937BCF800DC2348 /* Preview Assets.xcassets */ = {isa = PBXFileReference; lastKnownFileType = folder.assetcatalog; path = "Preview Assets.xcassets"; sourceTree = "<group>"; };
		35F056CD2937BD5B00DC2348 /* packetWrapper-Bridging-Header.h */ = {isa = PBXFileReference; lastKnownFileType = sourcecode.c.h; path = "packetWrapper-Bridging-Header.h"; sourceTree = "<group>"; };
		35F056CE2937BD5C00DC2348 /* Packet.hpp */ = {isa = PBXFileReference; fileEncoding = 4; lastKnownFileType = sourcecode.cpp.h; path = Packet.hpp; sourceTree = "<group>"; };
		35F056D02937BD5C00DC2348 /* Words.h */ = {isa = PBXFileReference; fileEncoding = 4; lastKnownFileType = sourcecode.c.h; path = Words.h; sourceTree = "<group>"; };
		35F056D12937BD5C00DC2348 /* IntraPackHeader.cpp */ = {isa = PBXFileReference; fileEncoding = 4; lastKnownFileType = sourcecode.cpp.cpp; path = IntraPackHeader.cpp; sourceTree = "<group>"; };
		35F056D22937BD5C00DC2348 /* Packet_factory_wrapper.mm */ = {isa = PBXFileReference; fileEncoding = 4; lastKnownFileType = sourcecode.cpp.objcpp; path = Packet_factory_wrapper.mm; sourceTree = "<group>"; };
		35F056D32937BD5C00DC2348 /* ChanSpecData.h */ = {isa = PBXFileReference; fileEncoding = 4; lastKnownFileType = sourcecode.c.h; path = ChanSpecData.h; sourceTree = "<group>"; };
		35F056D42937BD5C00DC2348 /* Messages.h */ = {isa = PBXFileReference; fileEncoding = 4; lastKnownFileType = sourcecode.c.h; path = Messages.h; sourceTree = "<group>"; };
		35F056D52937BD5C00DC2348 /* Packet_factory.cpp */ = {isa = PBXFileReference; fileEncoding = 4; lastKnownFileType = sourcecode.cpp.cpp; path = Packet_factory.cpp; sourceTree = "<group>"; };
		35F056D62937BD5C00DC2348 /* ChanSpecData.cpp */ = {isa = PBXFileReference; fileEncoding = 4; lastKnownFileType = sourcecode.cpp.cpp; path = ChanSpecData.cpp; sourceTree = "<group>"; };
		35F056D72937BD5C00DC2348 /* Packet_factory.hpp */ = {isa = PBXFileReference; fileEncoding = 4; lastKnownFileType = sourcecode.cpp.h; path = Packet_factory.hpp; sourceTree = "<group>"; };
		35F056D82937BD5C00DC2348 /* Words.cpp */ = {isa = PBXFileReference; fileEncoding = 4; lastKnownFileType = sourcecode.cpp.cpp; path = Words.cpp; sourceTree = "<group>"; };
		35F056DA2937BD5D00DC2348 /* Packet.cpp */ = {isa = PBXFileReference; fileEncoding = 4; lastKnownFileType = sourcecode.cpp.cpp; path = Packet.cpp; sourceTree = "<group>"; };
		35F056DB2937BD5D00DC2348 /* Packet_factory_wrapper.h */ = {isa = PBXFileReference; fileEncoding = 4; lastKnownFileType = sourcecode.c.h; path = Packet_factory_wrapper.h; sourceTree = "<group>"; };
		35F056DC2937BD5D00DC2348 /* PacketWrapper.mm */ = {isa = PBXFileReference; fileEncoding = 4; lastKnownFileType = sourcecode.cpp.objcpp; path = PacketWrapper.mm; sourceTree = "<group>"; };
		35F056DD2937BD5D00DC2348 /* PacketWrapper.h */ = {isa = PBXFileReference; fileEncoding = 4; lastKnownFileType = sourcecode.c.h; path = PacketWrapper.h; sourceTree = "<group>"; };
		35F056E02937BD5D00DC2348 /* IntraPackHeader.h */ = {isa = PBXFileReference; fileEncoding = 4; lastKnownFileType = sourcecode.c.h; path = IntraPackHeader.h; sourceTree = "<group>"; };
		35F056E12937BD5D00DC2348 /* Messages.cpp */ = {isa = PBXFileReference; fileEncoding = 4; lastKnownFileType = sourcecode.cpp.cpp; path = Messages.cpp; sourceTree = "<group>"; };
/* End PBXFileReference section */

/* Begin PBXFrameworksBuildPhase section */
		35F056B92937BCF500DC2348 /* Frameworks */ = {
			isa = PBXFrameworksBuildPhase;
			buildActionMask = 2147483647;
			files = (
			);
			runOnlyForDeploymentPostprocessing = 0;
		};
/* End PBXFrameworksBuildPhase section */

/* Begin PBXGroup section */
		35F056B32937BCF500DC2348 = {
			isa = PBXGroup;
			children = (
				35F056BE2937BCF500DC2348 /* packetWrapper */,
				35F056BD2937BCF500DC2348 /* Products */,
			);
			sourceTree = "<group>";
		};
		35F056BD2937BCF500DC2348 /* Products */ = {
			isa = PBXGroup;
			children = (
				35F056BC2937BCF500DC2348 /* packetWrapper.app */,
			);
			name = Products;
			sourceTree = "<group>";
		};
		35F056BE2937BCF500DC2348 /* packetWrapper */ = {
			isa = PBXGroup;
			children = (
				35F056D62937BD5C00DC2348 /* ChanSpecData.cpp */,
				35F056D32937BD5C00DC2348 /* ChanSpecData.h */,
				35F056D12937BD5C00DC2348 /* IntraPackHeader.cpp */,
				35F056E02937BD5D00DC2348 /* IntraPackHeader.h */,
				35F056E12937BD5D00DC2348 /* Messages.cpp */,
				35F056D42937BD5C00DC2348 /* Messages.h */,
				35F056DB2937BD5D00DC2348 /* Packet_factory_wrapper.h */,
				35F056D22937BD5C00DC2348 /* Packet_factory_wrapper.mm */,
				35F056D52937BD5C00DC2348 /* Packet_factory.cpp */,
				35F056D72937BD5C00DC2348 /* Packet_factory.hpp */,
				35F056DA2937BD5D00DC2348 /* Packet.cpp */,
				35F056CE2937BD5C00DC2348 /* Packet.hpp */,
				35F056DD2937BD5D00DC2348 /* PacketWrapper.h */,
				35F056DC2937BD5D00DC2348 /* PacketWrapper.mm */,
				35F056D82937BD5C00DC2348 /* Words.cpp */,
				35F056D02937BD5C00DC2348 /* Words.h */,
				35F056BF2937BCF500DC2348 /* packetWrapperApp.swift */,
				35F056C12937BCF500DC2348 /* ContentView.swift */,
				35F056C32937BCF800DC2348 /* Assets.xcassets */,
				35F056C52937BCF800DC2348 /* Preview Content */,
				35F056CD2937BD5B00DC2348 /* packetWrapper-Bridging-Header.h */,
			);
			path = packetWrapper;
			sourceTree = "<group>";
		};
		35F056C52937BCF800DC2348 /* Preview Content */ = {
			isa = PBXGroup;
			children = (
				35F056C62937BCF800DC2348 /* Preview Assets.xcassets */,
			);
			path = "Preview Content";
			sourceTree = "<group>";
		};
/* End PBXGroup section */

/* Begin PBXNativeTarget section */
		35F056BB2937BCF500DC2348 /* packetWrapper */ = {
			isa = PBXNativeTarget;
			buildConfigurationList = 35F056CA2937BCF800DC2348 /* Build configuration list for PBXNativeTarget "packetWrapper" */;
			buildPhases = (
				35F056B82937BCF500DC2348 /* Sources */,
				35F056B92937BCF500DC2348 /* Frameworks */,
				35F056BA2937BCF500DC2348 /* Resources */,
			);
			buildRules = (
			);
			dependencies = (
			);
			name = packetWrapper;
			productName = packetWrapper;
			productReference = 35F056BC2937BCF500DC2348 /* packetWrapper.app */;
			productType = "com.apple.product-type.application";
		};
/* End PBXNativeTarget section */

/* Begin PBXProject section */
		35F056B42937BCF500DC2348 /* Project object */ = {
			isa = PBXProject;
			attributes = {
				BuildIndependentTargetsInParallel = 1;
				LastSwiftUpdateCheck = 1410;
				LastUpgradeCheck = 1410;
				TargetAttributes = {
					35F056BB2937BCF500DC2348 = {
						CreatedOnToolsVersion = 14.1;
						LastSwiftMigration = 1410;
					};
				};
			};
			buildConfigurationList = 35F056B72937BCF500DC2348 /* Build configuration list for PBXProject "packetWrapper" */;
			compatibilityVersion = "Xcode 14.0";
			developmentRegion = en;
			hasScannedForEncodings = 0;
			knownRegions = (
				en,
				Base,
			);
			mainGroup = 35F056B32937BCF500DC2348;
			productRefGroup = 35F056BD2937BCF500DC2348 /* Products */;
			projectDirPath = "";
			projectRoot = "";
			targets = (
				35F056BB2937BCF500DC2348 /* packetWrapper */,
			);
		};
/* End PBXProject section */

/* Begin PBXResourcesBuildPhase section */
		35F056BA2937BCF500DC2348 /* Resources */ = {
			isa = PBXResourcesBuildPhase;
			buildActionMask = 2147483647;
			files = (
				35F056C72937BCF800DC2348 /* Preview Assets.xcassets in Resources */,
				35F056C42937BCF800DC2348 /* Assets.xcassets in Resources */,
			);
			runOnlyForDeploymentPostprocessing = 0;
		};
/* End PBXResourcesBuildPhase section */

/* Begin PBXSourcesBuildPhase section */
		35F056B82937BCF500DC2348 /* Sources */ = {
			isa = PBXSourcesBuildPhase;
			buildActionMask = 2147483647;
			files = (
				35F056E32937BD5D00DC2348 /* Packet_factory_wrapper.mm in Sources */,
				35F056EB2937BD5D00DC2348 /* Messages.cpp in Sources */,
				35F056C22937BCF500DC2348 /* ContentView.swift in Sources */,
				35F056C02937BCF500DC2348 /* packetWrapperApp.swift in Sources */,
				35F056E82937BD5D00DC2348 /* Packet.cpp in Sources */,
				35F056E42937BD5D00DC2348 /* Packet_factory.cpp in Sources */,
				35F056E62937BD5D00DC2348 /* Words.cpp in Sources */,
				35F056E52937BD5D00DC2348 /* ChanSpecData.cpp in Sources */,
				35F056E92937BD5D00DC2348 /* PacketWrapper.mm in Sources */,
				35F056E22937BD5D00DC2348 /* IntraPackHeader.cpp in Sources */,
			);
			runOnlyForDeploymentPostprocessing = 0;
		};
/* End PBXSourcesBuildPhase section */

/* Begin XCBuildConfiguration section */
		35F056C82937BCF800DC2348 /* Debug */ = {
			isa = XCBuildConfiguration;
			buildSettings = {
				ALWAYS_SEARCH_USER_PATHS = NO;
				CLANG_ANALYZER_NONNULL = YES;
				CLANG_ANALYZER_NUMBER_OBJECT_CONVERSION = YES_AGGRESSIVE;
				CLANG_CXX_LANGUAGE_STANDARD = "gnu++20";
				CLANG_ENABLE_MODULES = YES;
				CLANG_ENABLE_OBJC_ARC = YES;
				CLANG_ENABLE_OBJC_WEAK = YES;
				CLANG_WARN_BLOCK_CAPTURE_AUTORELEASING = YES;
				CLANG_WARN_BOOL_CONVERSION = YES;
				CLANG_WARN_COMMA = YES;
				CLANG_WARN_CONSTANT_CONVERSION = YES;
				CLANG_WARN_DEPRECATED_OBJC_IMPLEMENTATIONS = YES;
				CLANG_WARN_DIRECT_OBJC_ISA_USAGE = YES_ERROR;
				CLANG_WARN_DOCUMENTATION_COMMENTS = YES;
				CLANG_WARN_EMPTY_BODY = YES;
				CLANG_WARN_ENUM_CONVERSION = YES;
				CLANG_WARN_INFINITE_RECURSION = YES;
				CLANG_WARN_INT_CONVERSION = YES;
				CLANG_WARN_NON_LITERAL_NULL_CONVERSION = YES;
				CLANG_WARN_OBJC_IMPLICIT_RETAIN_SELF = YES;
				CLANG_WARN_OBJC_LITERAL_CONVERSION = YES;
				CLANG_WARN_OBJC_ROOT_CLASS = YES_ERROR;
				CLANG_WARN_QUOTED_INCLUDE_IN_FRAMEWORK_HEADER = YES;
				CLANG_WARN_RANGE_LOOP_ANALYSIS = YES;
				CLANG_WARN_STRICT_PROTOTYPES = YES;
				CLANG_WARN_SUSPICIOUS_MOVE = YES;
				CLANG_WARN_UNGUARDED_AVAILABILITY = YES_AGGRESSIVE;
				CLANG_WARN_UNREACHABLE_CODE = YES;
				CLANG_WARN__DUPLICATE_METHOD_MATCH = YES;
				COPY_PHASE_STRIP = NO;
				DEBUG_INFORMATION_FORMAT = dwarf;
				ENABLE_STRICT_OBJC_MSGSEND = YES;
				ENABLE_TESTABILITY = YES;
				GCC_C_LANGUAGE_STANDARD = gnu11;
				GCC_DYNAMIC_NO_PIC = NO;
				GCC_NO_COMMON_BLOCKS = YES;
				GCC_OPTIMIZATION_LEVEL = 0;
				GCC_PREPROCESSOR_DEFINITIONS = (
					"DEBUG=1",
					"$(inherited)",
				);
				GCC_WARN_64_TO_32_BIT_CONVERSION = YES;
				GCC_WARN_ABOUT_RETURN_TYPE = YES_ERROR;
				GCC_WARN_UNDECLARED_SELECTOR = YES;
				GCC_WARN_UNINITIALIZED_AUTOS = YES_AGGRESSIVE;
				GCC_WARN_UNUSED_FUNCTION = YES;
				GCC_WARN_UNUSED_VARIABLE = YES;
				IPHONEOS_DEPLOYMENT_TARGET = 16.1;
				MTL_ENABLE_DEBUG_INFO = INCLUDE_SOURCE;
				MTL_FAST_MATH = YES;
				ONLY_ACTIVE_ARCH = YES;
				SDKROOT = iphoneos;
				SWIFT_ACTIVE_COMPILATION_CONDITIONS = DEBUG;
				SWIFT_OPTIMIZATION_LEVEL = "-Onone";
			};
			name = Debug;
		};
		35F056C92937BCF800DC2348 /* Release */ = {
			isa = XCBuildConfiguration;
			buildSettings = {
				ALWAYS_SEARCH_USER_PATHS = NO;
				CLANG_ANALYZER_NONNULL = YES;
				CLANG_ANALYZER_NUMBER_OBJECT_CONVERSION = YES_AGGRESSIVE;
				CLANG_CXX_LANGUAGE_STANDARD = "gnu++20";
				CLANG_ENABLE_MODULES = YES;
				CLANG_ENABLE_OBJC_ARC = YES;
				CLANG_ENABLE_OBJC_WEAK = YES;
				CLANG_WARN_BLOCK_CAPTURE_AUTORELEASING = YES;
				CLANG_WARN_BOOL_CONVERSION = YES;
				CLANG_WARN_COMMA = YES;
				CLANG_WARN_CONSTANT_CONVERSION = YES;
				CLANG_WARN_DEPRECATED_OBJC_IMPLEMENTATIONS = YES;
				CLANG_WARN_DIRECT_OBJC_ISA_USAGE = YES_ERROR;
				CLANG_WARN_DOCUMENTATION_COMMENTS = YES;
				CLANG_WARN_EMPTY_BODY = YES;
				CLANG_WARN_ENUM_CONVERSION = YES;
				CLANG_WARN_INFINITE_RECURSION = YES;
				CLANG_WARN_INT_CONVERSION = YES;
				CLANG_WARN_NON_LITERAL_NULL_CONVERSION = YES;
				CLANG_WARN_OBJC_IMPLICIT_RETAIN_SELF = YES;
				CLANG_WARN_OBJC_LITERAL_CONVERSION = YES;
				CLANG_WARN_OBJC_ROOT_CLASS = YES_ERROR;
				CLANG_WARN_QUOTED_INCLUDE_IN_FRAMEWORK_HEADER = YES;
				CLANG_WARN_RANGE_LOOP_ANALYSIS = YES;
				CLANG_WARN_STRICT_PROTOTYPES = YES;
				CLANG_WARN_SUSPICIOUS_MOVE = YES;
				CLANG_WARN_UNGUARDED_AVAILABILITY = YES_AGGRESSIVE;
				CLANG_WARN_UNREACHABLE_CODE = YES;
				CLANG_WARN__DUPLICATE_METHOD_MATCH = YES;
				COPY_PHASE_STRIP = NO;
				DEBUG_INFORMATION_FORMAT = "dwarf-with-dsym";
				ENABLE_NS_ASSERTIONS = NO;
				ENABLE_STRICT_OBJC_MSGSEND = YES;
				GCC_C_LANGUAGE_STANDARD = gnu11;
				GCC_NO_COMMON_BLOCKS = YES;
				GCC_WARN_64_TO_32_BIT_CONVERSION = YES;
				GCC_WARN_ABOUT_RETURN_TYPE = YES_ERROR;
				GCC_WARN_UNDECLARED_SELECTOR = YES;
				GCC_WARN_UNINITIALIZED_AUTOS = YES_AGGRESSIVE;
				GCC_WARN_UNUSED_FUNCTION = YES;
				GCC_WARN_UNUSED_VARIABLE = YES;
				IPHONEOS_DEPLOYMENT_TARGET = 16.1;
				MTL_ENABLE_DEBUG_INFO = NO;
				MTL_FAST_MATH = YES;
				SDKROOT = iphoneos;
				SWIFT_COMPILATION_MODE = wholemodule;
				SWIFT_OPTIMIZATION_LEVEL = "-O";
				VALIDATE_PRODUCT = YES;
			};
			name = Release;
		};
		35F056CB2937BCF800DC2348 /* Debug */ = {
			isa = XCBuildConfiguration;
			buildSettings = {
				ASSETCATALOG_COMPILER_APPICON_NAME = AppIcon;
				ASSETCATALOG_COMPILER_GLOBAL_ACCENT_COLOR_NAME = AccentColor;
				CLANG_ENABLE_MODULES = YES;
				CODE_SIGN_STYLE = Automatic;
				CURRENT_PROJECT_VERSION = 1;
				DEVELOPMENT_ASSET_PATHS = "\"packetWrapper/Preview Content\"";
				ENABLE_PREVIEWS = YES;
				GENERATE_INFOPLIST_FILE = YES;
				INFOPLIST_KEY_UIApplicationSceneManifest_Generation = YES;
				INFOPLIST_KEY_UIApplicationSupportsIndirectInputEvents = YES;
				INFOPLIST_KEY_UILaunchScreen_Generation = YES;
				INFOPLIST_KEY_UISupportedInterfaceOrientations_iPad = "UIInterfaceOrientationPortrait UIInterfaceOrientationPortraitUpsideDown UIInterfaceOrientationLandscapeLeft UIInterfaceOrientationLandscapeRight";
				INFOPLIST_KEY_UISupportedInterfaceOrientations_iPhone = "UIInterfaceOrientationPortrait UIInterfaceOrientationLandscapeLeft UIInterfaceOrientationLandscapeRight";
				LD_RUNPATH_SEARCH_PATHS = (
					"$(inherited)",
					"@executable_path/Frameworks",
				);
				MARKETING_VERSION = 1.0;
				PRODUCT_BUNDLE_IDENTIFIER = f15.packetWrapper;
				PRODUCT_NAME = "$(TARGET_NAME)";
				SWIFT_EMIT_LOC_STRINGS = YES;
				SWIFT_OBJC_BRIDGING_HEADER = "packetWrapper/packetWrapper-Bridging-Header.h";
				SWIFT_OPTIMIZATION_LEVEL = "-Onone";
				SWIFT_VERSION = 5.0;
				TARGETED_DEVICE_FAMILY = "1,2";
			};
			name = Debug;
		};
		35F056CC2937BCF800DC2348 /* Release */ = {
			isa = XCBuildConfiguration;
			buildSettings = {
				ASSETCATALOG_COMPILER_APPICON_NAME = AppIcon;
				ASSETCATALOG_COMPILER_GLOBAL_ACCENT_COLOR_NAME = AccentColor;
				CLANG_ENABLE_MODULES = YES;
				CODE_SIGN_STYLE = Automatic;
				CURRENT_PROJECT_VERSION = 1;
				DEVELOPMENT_ASSET_PATHS = "\"packetWrapper/Preview Content\"";
				ENABLE_PREVIEWS = YES;
				GENERATE_INFOPLIST_FILE = YES;
				INFOPLIST_KEY_UIApplicationSceneManifest_Generation = YES;
				INFOPLIST_KEY_UIApplicationSupportsIndirectInputEvents = YES;
				INFOPLIST_KEY_UILaunchScreen_Generation = YES;
				INFOPLIST_KEY_UISupportedInterfaceOrientations_iPad = "UIInterfaceOrientationPortrait UIInterfaceOrientationPortraitUpsideDown UIInterfaceOrientationLandscapeLeft UIInterfaceOrientationLandscapeRight";
				INFOPLIST_KEY_UISupportedInterfaceOrientations_iPhone = "UIInterfaceOrientationPortrait UIInterfaceOrientationLandscapeLeft UIInterfaceOrientationLandscapeRight";
				LD_RUNPATH_SEARCH_PATHS = (
					"$(inherited)",
					"@executable_path/Frameworks",
				);
				MARKETING_VERSION = 1.0;
				PRODUCT_BUNDLE_IDENTIFIER = f15.packetWrapper;
				PRODUCT_NAME = "$(TARGET_NAME)";
				SWIFT_EMIT_LOC_STRINGS = YES;
				SWIFT_OBJC_BRIDGING_HEADER = "packetWrapper/packetWrapper-Bridging-Header.h";
				SWIFT_VERSION = 5.0;
				TARGETED_DEVICE_FAMILY = "1,2";
			};
			name = Release;
		};
/* End XCBuildConfiguration section */

/* Begin XCConfigurationList section */
		35F056B72937BCF500DC2348 /* Build configuration list for PBXProject "packetWrapper" */ = {
			isa = XCConfigurationList;
			buildConfigurations = (
				35F056C82937BCF800DC2348 /* Debug */,
				35F056C92937BCF800DC2348 /* Release */,
			);
			defaultConfigurationIsVisible = 0;
			defaultConfigurationName = Release;
		};
		35F056CA2937BCF800DC2348 /* Build configuration list for PBXNativeTarget "packetWrapper" */ = {
			isa = XCConfigurationList;
			buildConfigurations = (
				35F056CB2937BCF800DC2348 /* Debug */,
				35F056CC2937BCF800DC2348 /* Release */,
			);
			defaultConfigurationIsVisible = 0;
			defaultConfigurationName = Release;
		};
/* End XCConfigurationList section */
	};
	rootObject = 35F056B42937BCF500DC2348 /* Project object */;
}
